
Microsoft Visual Studio Solution File, Format Version 12.00
# Visual Studio Version 16
VisualStudioVersion = 16.0.30523.141
MinimumVisualStudioVersion = 10.0.40219.1
Project("{FAE04EC0-301F-11D3-BF4B-00C04F79EFBC}") = "RestockingMicroService", "RestockingMicroService\RestockingMicroService.csproj", "{3818B3C7-CF48-4A87-B42D-E12634774FF8}"
EndProject
Global
	GlobalSection(SolutionConfigurationPlatforms) = preSolution
		Debug|Any CPU = Debug|Any CPU
		Release|Any CPU = Release|Any CPU
	EndGlobalSection
	GlobalSection(ProjectConfigurationPlatforms) = postSolution
		{3818B3C7-CF48-4A87-B42D-E12634774FF8}.Debug|Any CPU.ActiveCfg = Debug|Any CPU
		{3818B3C7-CF48-4A87-B42D-E12634774FF8}.Debug|Any CPU.Build.0 = Debug|Any CPU
		{3818B3C7-CF48-4A87-B42D-E12634774FF8}.Release|Any CPU.ActiveCfg = Release|Any CPU
		{3818B3C7-CF48-4A87-B42D-E12634774FF8}.Release|Any CPU.Build.0 = Release|Any CPU
	EndGlobalSection
	GlobalSection(SolutionProperties) = preSolution
		HideSolutionNode = FALSE
	EndGlobalSection
	GlobalSection(ExtensibilityGlobals) = postSolution
		SolutionGuid = {C2F22CA4-CC43-4726-9DB3-6EA91C36B1E4}
	EndGlobalSection
EndGlobal
